
Microsoft Visual Studio Solution File, Format Version 12.00
# Visual Studio Version 17
VisualStudioVersion = 17.4.33103.184
MinimumVisualStudioVersion = 10.0.40219.1
Project("{FAE04EC0-301F-11D3-BF4B-00C04F79EFBC}") = "AddressBook", "AddressBook.csproj", "{74D1C1CC-EA37-42C6-831E-622F65F6C06B}"
EndProject
Global
	GlobalSection(SolutionConfigurationPlatforms) = preSolution
		Debug|Any CPU = Debug|Any CPU
		Release|Any CPU = Release|Any CPU
	EndGlobalSection
	GlobalSection(ProjectConfigurationPlatforms) = postSolution
		{74D1C1CC-EA37-42C6-831E-622F65F6C06B}.Debug|Any CPU.ActiveCfg = Debug|Any CPU
		{74D1C1CC-EA37-42C6-831E-622F65F6C06B}.Debug|Any CPU.Build.0 = Debug|Any CPU
		{74D1C1CC-EA37-42C6-831E-622F65F6C06B}.Release|Any CPU.ActiveCfg = Release|Any CPU
		{74D1C1CC-EA37-42C6-831E-622F65F6C06B}.Release|Any CPU.Build.0 = Release|Any CPU
	EndGlobalSection
	GlobalSection(SolutionProperties) = preSolution
		HideSolutionNode = FALSE
	EndGlobalSection
	GlobalSection(ExtensibilityGlobals) = postSolution
		SolutionGuid = {55974913-29C3-4794-BDD1-A04BBEA0ED09}
	EndGlobalSection
EndGlobal
